
Microsoft Visual Studio Solution File, Format Version 12.00
# Visual Studio Version 17
VisualStudioVersion = 17.14.36518.9 d17.14
MinimumVisualStudioVersion = 10.0.40219.1
Project("{FAE04EC0-301F-11D3-BF4B-00C04F79EFBC}") = "Openvlachte", "Openvlachte\Openvlachte.csproj", "{49D29C28-E971-4BB5-A2BE-36B2295A463A}"
EndProject
Global
	GlobalSection(SolutionConfigurationPlatforms) = preSolution
		Debug|Any CPU = Debug|Any CPU
		Release|Any CPU = Release|Any CPU
	EndGlobalSection
	GlobalSection(ProjectConfigurationPlatforms) = postSolution
		{49D29C28-E971-4BB5-A2BE-36B2295A463A}.Debug|Any CPU.ActiveCfg = Debug|Any CPU
		{49D29C28-E971-4BB5-A2BE-36B2295A463A}.Debug|Any CPU.Build.0 = Debug|Any CPU
		{49D29C28-E971-4BB5-A2BE-36B2295A463A}.Release|Any CPU.ActiveCfg = Release|Any CPU
		{49D29C28-E971-4BB5-A2BE-36B2295A463A}.Release|Any CPU.Build.0 = Release|Any CPU
	EndGlobalSection
	GlobalSection(SolutionProperties) = preSolution
		HideSolutionNode = FALSE
	EndGlobalSection
	GlobalSection(ExtensibilityGlobals) = postSolution
		SolutionGuid = {C67ED1F5-221C-41F2-A29E-8A1CA5C22C2F}
	EndGlobalSection
EndGlobal
