
Microsoft Visual Studio Solution File, Format Version 12.00
# Visual Studio Version 17
VisualStudioVersion = 17.14.36616.10 d17.14
MinimumVisualStudioVersion = 10.0.40219.1
Project("{FAE04EC0-301F-11D3-BF4B-00C04F79EFBC}") = "InhoudsOpgave", "InhoudsOpgave\InhoudsOpgave.csproj", "{17953BC8-297F-4624-9959-22056348885A}"
EndProject
Global
	GlobalSection(SolutionConfigurationPlatforms) = preSolution
		Debug|Any CPU = Debug|Any CPU
		Release|Any CPU = Release|Any CPU
	EndGlobalSection
	GlobalSection(ProjectConfigurationPlatforms) = postSolution
		{17953BC8-297F-4624-9959-22056348885A}.Debug|Any CPU.ActiveCfg = Debug|Any CPU
		{17953BC8-297F-4624-9959-22056348885A}.Debug|Any CPU.Build.0 = Debug|Any CPU
		{17953BC8-297F-4624-9959-22056348885A}.Release|Any CPU.ActiveCfg = Release|Any CPU
		{17953BC8-297F-4624-9959-22056348885A}.Release|Any CPU.Build.0 = Release|Any CPU
	EndGlobalSection
	GlobalSection(SolutionProperties) = preSolution
		HideSolutionNode = FALSE
	EndGlobalSection
	GlobalSection(ExtensibilityGlobals) = postSolution
		SolutionGuid = {D6B4AFD0-2896-4A80-A97A-AA2BF37A08D0}
	EndGlobalSection
EndGlobal
